
Microsoft Visual Studio Solution File, Format Version 12.00
# Visual Studio Version 16
VisualStudioVersion = 16.0.31515.178
MinimumVisualStudioVersion = 10.0.40219.1
Project("{9A19103F-16F7-4668-BE54-9A1E7A4F7556}") = "ProjCRUD", "ProjCRUD\ProjCRUD.csproj", "{08F6A95A-B24A-4CAD-97E9-2080C445F30D}"
EndProject
Global
	GlobalSection(SolutionConfigurationPlatforms) = preSolution
		Debug|Any CPU = Debug|Any CPU
		Release|Any CPU = Release|Any CPU
	EndGlobalSection
	GlobalSection(ProjectConfigurationPlatforms) = postSolution
		{08F6A95A-B24A-4CAD-97E9-2080C445F30D}.Debug|Any CPU.ActiveCfg = Debug|Any CPU
		{08F6A95A-B24A-4CAD-97E9-2080C445F30D}.Debug|Any CPU.Build.0 = Debug|Any CPU
		{08F6A95A-B24A-4CAD-97E9-2080C445F30D}.Release|Any CPU.ActiveCfg = Release|Any CPU
		{08F6A95A-B24A-4CAD-97E9-2080C445F30D}.Release|Any CPU.Build.0 = Release|Any CPU
	EndGlobalSection
	GlobalSection(SolutionProperties) = preSolution
		HideSolutionNode = FALSE
	EndGlobalSection
	GlobalSection(ExtensibilityGlobals) = postSolution
		SolutionGuid = {AAFB8C2F-BB38-48A7-9052-CD07304784C4}
	EndGlobalSection
EndGlobal
